
Microsoft Visual Studio Solution File, Format Version 12.00
# Visual Studio Version 17
VisualStudioVersion = 17.10.35027.167
MinimumVisualStudioVersion = 10.0.40219.1
Project("{9A19103F-16F7-4668-BE54-9A1E7A4F7556}") = "SeniorConnect.WebApp", "SeniorConnect.WebApp\SeniorConnect.WebApp.csproj", "{4EB07BB5-F4E7-475A-9DFB-C653E9131665}"
EndProject
Project("{9A19103F-16F7-4668-BE54-9A1E7A4F7556}") = "SeniorConnect.Domain", "CoreDomain\SeniorConnect.Domain.csproj", "{55C320ED-0B6B-45C7-8E6F-9D388C8771F4}"
EndProject
Project("{00D1A9C2-B5F0-4AF3-8072-F6C62B433612}") = "SeniorConnect.SQLServerDB", "SeniorConnect.SQLServerDB\SeniorConnect.SQLServerDB.sqlproj", "{B5995BD4-C3E3-4BB6-AC81-ECA6C178D367}"
EndProject
Project("{9A19103F-16F7-4668-BE54-9A1E7A4F7556}") = "SeniorConnect.Tests", "SeniosConnect.Tests\SeniorConnect.Tests.csproj", "{E1AFCF40-B798-43F7-829B-CB92CFAF9C6D}"
EndProject
Project("{9A19103F-16F7-4668-BE54-9A1E7A4F7556}") = "SeniorConnect.DataAccessLibrary", "SeniorConnect.DataAccesLibrary\SeniorConnect.DataAccessLibrary.csproj", "{9384C7BC-BC58-4C8E-92C3-7DE24FFC2217}"
EndProject
Global
	GlobalSection(SolutionConfigurationPlatforms) = preSolution
		Debug|Any CPU = Debug|Any CPU
		Release|Any CPU = Release|Any CPU
	EndGlobalSection
	GlobalSection(ProjectConfigurationPlatforms) = postSolution
		{4EB07BB5-F4E7-475A-9DFB-C653E9131665}.Debug|Any CPU.ActiveCfg = Debug|Any CPU
		{4EB07BB5-F4E7-475A-9DFB-C653E9131665}.Debug|Any CPU.Build.0 = Debug|Any CPU
		{4EB07BB5-F4E7-475A-9DFB-C653E9131665}.Release|Any CPU.ActiveCfg = Release|Any CPU
		{4EB07BB5-F4E7-475A-9DFB-C653E9131665}.Release|Any CPU.Build.0 = Release|Any CPU
		{55C320ED-0B6B-45C7-8E6F-9D388C8771F4}.Debug|Any CPU.ActiveCfg = Debug|Any CPU
		{55C320ED-0B6B-45C7-8E6F-9D388C8771F4}.Debug|Any CPU.Build.0 = Debug|Any CPU
		{55C320ED-0B6B-45C7-8E6F-9D388C8771F4}.Release|Any CPU.ActiveCfg = Release|Any CPU
		{55C320ED-0B6B-45C7-8E6F-9D388C8771F4}.Release|Any CPU.Build.0 = Release|Any CPU
		{B5995BD4-C3E3-4BB6-AC81-ECA6C178D367}.Debug|Any CPU.ActiveCfg = Debug|Any CPU
		{B5995BD4-C3E3-4BB6-AC81-ECA6C178D367}.Debug|Any CPU.Build.0 = Debug|Any CPU
		{B5995BD4-C3E3-4BB6-AC81-ECA6C178D367}.Debug|Any CPU.Deploy.0 = Debug|Any CPU
		{B5995BD4-C3E3-4BB6-AC81-ECA6C178D367}.Release|Any CPU.ActiveCfg = Release|Any CPU
		{B5995BD4-C3E3-4BB6-AC81-ECA6C178D367}.Release|Any CPU.Build.0 = Release|Any CPU
		{B5995BD4-C3E3-4BB6-AC81-ECA6C178D367}.Release|Any CPU.Deploy.0 = Release|Any CPU
		{E1AFCF40-B798-43F7-829B-CB92CFAF9C6D}.Debug|Any CPU.ActiveCfg = Debug|Any CPU
		{E1AFCF40-B798-43F7-829B-CB92CFAF9C6D}.Debug|Any CPU.Build.0 = Debug|Any CPU
		{E1AFCF40-B798-43F7-829B-CB92CFAF9C6D}.Release|Any CPU.ActiveCfg = Release|Any CPU
		{E1AFCF40-B798-43F7-829B-CB92CFAF9C6D}.Release|Any CPU.Build.0 = Release|Any CPU
		{9384C7BC-BC58-4C8E-92C3-7DE24FFC2217}.Debug|Any CPU.ActiveCfg = Debug|Any CPU
		{9384C7BC-BC58-4C8E-92C3-7DE24FFC2217}.Debug|Any CPU.Build.0 = Debug|Any CPU
		{9384C7BC-BC58-4C8E-92C3-7DE24FFC2217}.Release|Any CPU.ActiveCfg = Release|Any CPU
		{9384C7BC-BC58-4C8E-92C3-7DE24FFC2217}.Release|Any CPU.Build.0 = Release|Any CPU
	EndGlobalSection
	GlobalSection(SolutionProperties) = preSolution
		HideSolutionNode = FALSE
	EndGlobalSection
	GlobalSection(ExtensibilityGlobals) = postSolution
		SolutionGuid = {F10BCF32-E79D-454A-A7BA-DC5E576DB058}
	EndGlobalSection
EndGlobal
